
Microsoft Visual Studio Solution File, Format Version 12.00
# Visual Studio Version 16
VisualStudioVersion = 16.0.34729.46
MinimumVisualStudioVersion = 10.0.40219.1
Project("{FAE04EC0-301F-11D3-BF4B-00C04F79EFBC}") = "WpfApp9", "WpfApp9\WpfApp9.csproj", "{FD53473A-53EB-4D1F-A559-702BF1B04267}"
EndProject
Global
	GlobalSection(SolutionConfigurationPlatforms) = preSolution
		Debug|Any CPU = Debug|Any CPU
		Release|Any CPU = Release|Any CPU
	EndGlobalSection
	GlobalSection(ProjectConfigurationPlatforms) = postSolution
		{FD53473A-53EB-4D1F-A559-702BF1B04267}.Debug|Any CPU.ActiveCfg = Debug|Any CPU
		{FD53473A-53EB-4D1F-A559-702BF1B04267}.Debug|Any CPU.Build.0 = Debug|Any CPU
		{FD53473A-53EB-4D1F-A559-702BF1B04267}.Release|Any CPU.ActiveCfg = Release|Any CPU
		{FD53473A-53EB-4D1F-A559-702BF1B04267}.Release|Any CPU.Build.0 = Release|Any CPU
	EndGlobalSection
	GlobalSection(SolutionProperties) = preSolution
		HideSolutionNode = FALSE
	EndGlobalSection
	GlobalSection(ExtensibilityGlobals) = postSolution
		SolutionGuid = {2B03B1F1-1E2A-45FB-8B25-3292CD8E8F2E}
	EndGlobalSection
EndGlobal
